
Microsoft Visual Studio Solution File, Format Version 12.00
# Visual Studio Version 17
VisualStudioVersion = 17.9.34902.65
MinimumVisualStudioVersion = 10.0.40219.1
Project("{9A19103F-16F7-4668-BE54-9A1E7A4F7556}") = "TicketDesk.Server", "TicketDesk.Server\TicketDesk.Server.csproj", "{CF931B5C-90A7-4E6E-ABD4-B1EA354E369F}"
EndProject
Project("{54A90642-561A-4BB1-A94E-469ADEE60C69}") = "ticketdesk.client", "ticketdesk.client\ticketdesk.client.esproj", "{D50B7C96-C3B8-4423-A945-71A367268248}"
EndProject
Project("{9A19103F-16F7-4668-BE54-9A1E7A4F7556}") = "TicketDesk.Utility", "TicketDesk.Utility\TicketDesk.Utility.csproj", "{DF7AC9C8-0887-4068-9650-05B80426B12E}"
EndProject
Project("{9A19103F-16F7-4668-BE54-9A1E7A4F7556}") = "TicketDesk.DTO", "TicketDesk.DTO\TicketDesk.DTO.csproj", "{F7132644-52C1-4DB1-81F4-3E57920CC7C5}"
EndProject
Project("{9A19103F-16F7-4668-BE54-9A1E7A4F7556}") = "TicketDesk.Core", "TicketDesk.Core\TicketDesk.Core.csproj", "{16BE7B6E-4E2D-4137-A00C-3269D0EA0A54}"
EndProject
Project("{FAE04EC0-301F-11D3-BF4B-00C04F79EFBC}") = "TicketDesk.DAL", "TicketDesk.DAL\TicketDesk.DAL.csproj", "{E4C39A02-A0AA-4FB8-BBFE-054AF4EACCE1}"
EndProject
Global
	GlobalSection(SolutionConfigurationPlatforms) = preSolution
		Debug|Any CPU = Debug|Any CPU
		Release|Any CPU = Release|Any CPU
	EndGlobalSection
	GlobalSection(ProjectConfigurationPlatforms) = postSolution
		{CF931B5C-90A7-4E6E-ABD4-B1EA354E369F}.Debug|Any CPU.ActiveCfg = Debug|Any CPU
		{CF931B5C-90A7-4E6E-ABD4-B1EA354E369F}.Debug|Any CPU.Build.0 = Debug|Any CPU
		{CF931B5C-90A7-4E6E-ABD4-B1EA354E369F}.Release|Any CPU.ActiveCfg = Release|Any CPU
		{CF931B5C-90A7-4E6E-ABD4-B1EA354E369F}.Release|Any CPU.Build.0 = Release|Any CPU
		{D50B7C96-C3B8-4423-A945-71A367268248}.Debug|Any CPU.ActiveCfg = Debug|Any CPU
		{D50B7C96-C3B8-4423-A945-71A367268248}.Debug|Any CPU.Build.0 = Debug|Any CPU
		{D50B7C96-C3B8-4423-A945-71A367268248}.Debug|Any CPU.Deploy.0 = Debug|Any CPU
		{D50B7C96-C3B8-4423-A945-71A367268248}.Release|Any CPU.ActiveCfg = Release|Any CPU
		{D50B7C96-C3B8-4423-A945-71A367268248}.Release|Any CPU.Build.0 = Release|Any CPU
		{D50B7C96-C3B8-4423-A945-71A367268248}.Release|Any CPU.Deploy.0 = Release|Any CPU
		{DF7AC9C8-0887-4068-9650-05B80426B12E}.Debug|Any CPU.ActiveCfg = Debug|Any CPU
		{DF7AC9C8-0887-4068-9650-05B80426B12E}.Debug|Any CPU.Build.0 = Debug|Any CPU
		{DF7AC9C8-0887-4068-9650-05B80426B12E}.Release|Any CPU.ActiveCfg = Release|Any CPU
		{DF7AC9C8-0887-4068-9650-05B80426B12E}.Release|Any CPU.Build.0 = Release|Any CPU
		{F7132644-52C1-4DB1-81F4-3E57920CC7C5}.Debug|Any CPU.ActiveCfg = Debug|Any CPU
		{F7132644-52C1-4DB1-81F4-3E57920CC7C5}.Debug|Any CPU.Build.0 = Debug|Any CPU
		{F7132644-52C1-4DB1-81F4-3E57920CC7C5}.Release|Any CPU.ActiveCfg = Release|Any CPU
		{F7132644-52C1-4DB1-81F4-3E57920CC7C5}.Release|Any CPU.Build.0 = Release|Any CPU
		{16BE7B6E-4E2D-4137-A00C-3269D0EA0A54}.Debug|Any CPU.ActiveCfg = Debug|Any CPU
		{16BE7B6E-4E2D-4137-A00C-3269D0EA0A54}.Debug|Any CPU.Build.0 = Debug|Any CPU
		{16BE7B6E-4E2D-4137-A00C-3269D0EA0A54}.Release|Any CPU.ActiveCfg = Release|Any CPU
		{16BE7B6E-4E2D-4137-A00C-3269D0EA0A54}.Release|Any CPU.Build.0 = Release|Any CPU
		{E4C39A02-A0AA-4FB8-BBFE-054AF4EACCE1}.Debug|Any CPU.ActiveCfg = Debug|Any CPU
		{E4C39A02-A0AA-4FB8-BBFE-054AF4EACCE1}.Debug|Any CPU.Build.0 = Debug|Any CPU
		{E4C39A02-A0AA-4FB8-BBFE-054AF4EACCE1}.Release|Any CPU.ActiveCfg = Release|Any CPU
		{E4C39A02-A0AA-4FB8-BBFE-054AF4EACCE1}.Release|Any CPU.Build.0 = Release|Any CPU
	EndGlobalSection
	GlobalSection(SolutionProperties) = preSolution
		HideSolutionNode = FALSE
	EndGlobalSection
	GlobalSection(ExtensibilityGlobals) = postSolution
		SolutionGuid = {968FF6BD-0DA7-4EBD-AECB-C88AAF03C533}
	EndGlobalSection
EndGlobal
